Microsoft Visual Studio Solution File, Format Version 12.00
# Visual Studio Version 17
VisualStudioVersion = 17.5.2.0
MinimumVisualStudioVersion = 10.0.40219.1
Project("{FAE04EC0-301F-11D3-BF4B-00C04F79EFBC}") = "MyFunctionApp", "MyFunctionApp\MyFunctionApp.csproj", "{894AFB76-F7A6-6099-0062-949AC9DAC0AD}"
EndProject
Global
	GlobalSection(SolutionConfigurationPlatforms) = preSolution
		Debug|Any CPU = Debug|Any CPU
		Release|Any CPU = Release|Any CPU
	EndGlobalSection
	GlobalSection(ProjectConfigurationPlatforms) = postSolution
		{894AFB76-F7A6-6099-0062-949AC9DAC0AD}.Debug|Any CPU.ActiveCfg = Debug|Any CPU
		{894AFB76-F7A6-6099-0062-949AC9DAC0AD}.Debug|Any CPU.Build.0 = Debug|Any CPU
		{894AFB76-F7A6-6099-0062-949AC9DAC0AD}.Release|Any CPU.ActiveCfg = Release|Any CPU
		{894AFB76-F7A6-6099-0062-949AC9DAC0AD}.Release|Any CPU.Build.0 = Release|Any CPU
	EndGlobalSection
	GlobalSection(SolutionProperties) = preSolution
		HideSolutionNode = FALSE
	EndGlobalSection
	GlobalSection(ExtensibilityGlobals) = postSolution
		SolutionGuid = {04514005-E47D-48DC-93FF-B1A5458F9B1D}
	EndGlobalSection
EndGlobal
